
Microsoft Visual Studio Solution File, Format Version 12.00
# Visual Studio Version 17
VisualStudioVersion = 17.5.33627.172
MinimumVisualStudioVersion = 10.0.40219.1
Project("{FAE04EC0-301F-11D3-BF4B-00C04F79EFBC}") = "Geolocalización.Android", "Geolocalización.Android\Geolocalización.Android.csproj", "{CC51C359-38D5-4BF7-962F-B0A3BAEA7300}"
EndProject
Project("{FAE04EC0-301F-11D3-BF4B-00C04F79EFBC}") = "Geolocalización.iOS", "Geolocalización.iOS\Geolocalización.iOS.csproj", "{795C0EA0-2729-45E7-AFC3-AA401BFCB8DC}"
EndProject
Project("{FAE04EC0-301F-11D3-BF4B-00C04F79EFBC}") = "Geolocalización", "Geolocalización\Geolocalización.csproj", "{9CB23C6D-D7EA-45C1-B8B5-4C42228B5B69}"
EndProject
Global
	GlobalSection(SolutionConfigurationPlatforms) = preSolution
		Debug|Any CPU = Debug|Any CPU
		Debug|iPhone = Debug|iPhone
		Debug|iPhoneSimulator = Debug|iPhoneSimulator
		Release|Any CPU = Release|Any CPU
		Release|iPhone = Release|iPhone
		Release|iPhoneSimulator = Release|iPhoneSimulator
	EndGlobalSection
	GlobalSection(ProjectConfigurationPlatforms) = postSolution
		{CC51C359-38D5-4BF7-962F-B0A3BAEA7300}.Debug|Any CPU.ActiveCfg = Debug|Any CPU
		{CC51C359-38D5-4BF7-962F-B0A3BAEA7300}.Debug|Any CPU.Build.0 = Debug|Any CPU
		{CC51C359-38D5-4BF7-962F-B0A3BAEA7300}.Debug|Any CPU.Deploy.0 = Debug|Any CPU
		{CC51C359-38D5-4BF7-962F-B0A3BAEA7300}.Debug|iPhone.ActiveCfg = Debug|Any CPU
		{CC51C359-38D5-4BF7-962F-B0A3BAEA7300}.Debug|iPhone.Build.0 = Debug|Any CPU
		{CC51C359-38D5-4BF7-962F-B0A3BAEA7300}.Debug|iPhone.Deploy.0 = Debug|Any CPU
		{CC51C359-38D5-4BF7-962F-B0A3BAEA7300}.Debug|iPhoneSimulator.ActiveCfg = Debug|Any CPU
		{CC51C359-38D5-4BF7-962F-B0A3BAEA7300}.Debug|iPhoneSimulator.Build.0 = Debug|Any CPU
		{CC51C359-38D5-4BF7-962F-B0A3BAEA7300}.Debug|iPhoneSimulator.Deploy.0 = Debug|Any CPU
		{CC51C359-38D5-4BF7-962F-B0A3BAEA7300}.Release|Any CPU.ActiveCfg = Release|Any CPU
		{CC51C359-38D5-4BF7-962F-B0A3BAEA7300}.Release|Any CPU.Build.0 = Release|Any CPU
		{CC51C359-38D5-4BF7-962F-B0A3BAEA7300}.Release|Any CPU.Deploy.0 = Release|Any CPU
		{CC51C359-38D5-4BF7-962F-B0A3BAEA7300}.Release|iPhone.ActiveCfg = Release|Any CPU
		{CC51C359-38D5-4BF7-962F-B0A3BAEA7300}.Release|iPhone.Build.0 = Release|Any CPU
		{CC51C359-38D5-4BF7-962F-B0A3BAEA7300}.Release|iPhone.Deploy.0 = Release|Any CPU
		{CC51C359-38D5-4BF7-962F-B0A3BAEA7300}.Release|iPhoneSimulator.ActiveCfg = Release|Any CPU
		{CC51C359-38D5-4BF7-962F-B0A3BAEA7300}.Release|iPhoneSimulator.Build.0 = Release|Any CPU
		{CC51C359-38D5-4BF7-962F-B0A3BAEA7300}.Release|iPhoneSimulator.Deploy.0 = Release|Any CPU
		{795C0EA0-2729-45E7-AFC3-AA401BFCB8DC}.Debug|Any CPU.ActiveCfg = Debug|iPhone
		{795C0EA0-2729-45E7-AFC3-AA401BFCB8DC}.Debug|Any CPU.Build.0 = Debug|iPhone
		{795C0EA0-2729-45E7-AFC3-AA401BFCB8DC}.Debug|Any CPU.Deploy.0 = Debug|iPhone
		{795C0EA0-2729-45E7-AFC3-AA401BFCB8DC}.Debug|iPhone.ActiveCfg = Debug|iPhone
		{795C0EA0-2729-45E7-AFC3-AA401BFCB8DC}.Debug|iPhone.Build.0 = Debug|iPhone
		{795C0EA0-2729-45E7-AFC3-AA401BFCB8DC}.Debug|iPhone.Deploy.0 = Debug|iPhone
		{795C0EA0-2729-45E7-AFC3-AA401BFCB8DC}.Debug|iPhoneSimulator.ActiveCfg = Debug|iPhoneSimulator
		{795C0EA0-2729-45E7-AFC3-AA401BFCB8DC}.Debug|iPhoneSimulator.Build.0 = Debug|iPhoneSimulator
		{795C0EA0-2729-45E7-AFC3-AA401BFCB8DC}.Debug|iPhoneSimulator.Deploy.0 = Debug|iPhoneSimulator
		{795C0EA0-2729-45E7-AFC3-AA401BFCB8DC}.Release|Any CPU.ActiveCfg = Release|iPhoneSimulator
		{795C0EA0-2729-45E7-AFC3-AA401BFCB8DC}.Release|Any CPU.Build.0 = Release|iPhoneSimulator
		{795C0EA0-2729-45E7-AFC3-AA401BFCB8DC}.Release|Any CPU.Deploy.0 = Release|iPhoneSimulator
		{795C0EA0-2729-45E7-AFC3-AA401BFCB8DC}.Release|iPhone.ActiveCfg = Release|iPhone
		{795C0EA0-2729-45E7-AFC3-AA401BFCB8DC}.Release|iPhone.Build.0 = Release|iPhone
		{795C0EA0-2729-45E7-AFC3-AA401BFCB8DC}.Release|iPhone.Deploy.0 = Release|iPhone
		{795C0EA0-2729-45E7-AFC3-AA401BFCB8DC}.Release|iPhoneSimulator.ActiveCfg = Release|iPhoneSimulator
		{795C0EA0-2729-45E7-AFC3-AA401BFCB8DC}.Release|iPhoneSimulator.Build.0 = Release|iPhoneSimulator
		{795C0EA0-2729-45E7-AFC3-AA401BFCB8DC}.Release|iPhoneSimulator.Deploy.0 = Release|iPhoneSimulator
		{9CB23C6D-D7EA-45C1-B8B5-4C42228B5B69}.Debug|Any CPU.ActiveCfg = Debug|Any CPU
		{9CB23C6D-D7EA-45C1-B8B5-4C42228B5B69}.Debug|Any CPU.Build.0 = Debug|Any CPU
		{9CB23C6D-D7EA-45C1-B8B5-4C42228B5B69}.Debug|Any CPU.Deploy.0 = Debug|Any CPU
		{9CB23C6D-D7EA-45C1-B8B5-4C42228B5B69}.Debug|iPhone.ActiveCfg = Debug|Any CPU
		{9CB23C6D-D7EA-45C1-B8B5-4C42228B5B69}.Debug|iPhone.Build.0 = Debug|Any CPU
		{9CB23C6D-D7EA-45C1-B8B5-4C42228B5B69}.Debug|iPhone.Deploy.0 = Debug|Any CPU
		{9CB23C6D-D7EA-45C1-B8B5-4C42228B5B69}.Debug|iPhoneSimulator.ActiveCfg = Debug|Any CPU
		{9CB23C6D-D7EA-45C1-B8B5-4C42228B5B69}.Debug|iPhoneSimulator.Build.0 = Debug|Any CPU
		{9CB23C6D-D7EA-45C1-B8B5-4C42228B5B69}.Debug|iPhoneSimulator.Deploy.0 = Debug|Any CPU
		{9CB23C6D-D7EA-45C1-B8B5-4C42228B5B69}.Release|Any CPU.ActiveCfg = Release|Any CPU
		{9CB23C6D-D7EA-45C1-B8B5-4C42228B5B69}.Release|Any CPU.Build.0 = Release|Any CPU
		{9CB23C6D-D7EA-45C1-B8B5-4C42228B5B69}.Release|Any CPU.Deploy.0 = Release|Any CPU
		{9CB23C6D-D7EA-45C1-B8B5-4C42228B5B69}.Release|iPhone.ActiveCfg = Release|Any CPU
		{9CB23C6D-D7EA-45C1-B8B5-4C42228B5B69}.Release|iPhone.Build.0 = Release|Any CPU
		{9CB23C6D-D7EA-45C1-B8B5-4C42228B5B69}.Release|iPhone.Deploy.0 = Release|Any CPU
		{9CB23C6D-D7EA-45C1-B8B5-4C42228B5B69}.Release|iPhoneSimulator.ActiveCfg = Release|Any CPU
		{9CB23C6D-D7EA-45C1-B8B5-4C42228B5B69}.Release|iPhoneSimulator.Build.0 = Release|Any CPU
		{9CB23C6D-D7EA-45C1-B8B5-4C42228B5B69}.Release|iPhoneSimulator.Deploy.0 = Release|Any CPU
	EndGlobalSection
	GlobalSection(SolutionProperties) = preSolution
		HideSolutionNode = FALSE
	EndGlobalSection
	GlobalSection(ExtensibilityGlobals) = postSolution
		SolutionGuid = {922CDFE4-CD1A-4B45-8573-5E11A68A8EED}
	EndGlobalSection
EndGlobal
